
Microsoft Visual Studio Solution File, Format Version 12.00
# Visual Studio Version 16
VisualStudioVersion = 16.0.30503.244
MinimumVisualStudioVersion = 10.0.40219.1
Project("{9A19103F-16F7-4668-BE54-9A1E7A4F7556}") = "BlazorServer101", "BlazorServer101\BlazorServer101.csproj", "{1BD027B6-C25B-4615-8C2C-7655979380CA}"
EndProject
Project("{9A19103F-16F7-4668-BE54-9A1E7A4F7556}") = "BlazorWebAssembly", "BlazorWebAssembly\BlazorWebAssembly.csproj", "{F0473510-EFAA-4D6C-AC89-5196087C9E51}"
EndProject
Project("{9A19103F-16F7-4668-BE54-9A1E7A4F7556}") = "EmployeeManagement.Models", "src\EmployeeManagement.Models\EmployeeManagement.Models.csproj", "{CD2D0E5F-6969-4972-88C6-6E19E92DFB51}"
EndProject
Project("{2150E333-8FDC-42A3-9474-1A3956D46DE8}") = "src", "src", "{4BDD1CF1-3C32-426F-B7B9-169EAFC153D8}"
EndProject
Project("{9A19103F-16F7-4668-BE54-9A1E7A4F7556}") = "EmployeeManagement.Web", "src\EmployeeManagement.Web\EmployeeManagement.Web.csproj", "{397CF4DB-BA20-4C69-A8AB-4468D24297B5}"
EndProject
Project("{9A19103F-16F7-4668-BE54-9A1E7A4F7556}") = "EmployeeManagement.API", "src\EmployeeManagement.API\EmployeeManagement.API.csproj", "{D5B1430A-DCC9-4CC9-9FC5-0E652195D22B}"
EndProject
Global
	GlobalSection(SolutionConfigurationPlatforms) = preSolution
		Debug|Any CPU = Debug|Any CPU
		Release|Any CPU = Release|Any CPU
	EndGlobalSection
	GlobalSection(ProjectConfigurationPlatforms) = postSolution
		{1BD027B6-C25B-4615-8C2C-7655979380CA}.Debug|Any CPU.ActiveCfg = Debug|Any CPU
		{1BD027B6-C25B-4615-8C2C-7655979380CA}.Debug|Any CPU.Build.0 = Debug|Any CPU
		{1BD027B6-C25B-4615-8C2C-7655979380CA}.Release|Any CPU.ActiveCfg = Release|Any CPU
		{1BD027B6-C25B-4615-8C2C-7655979380CA}.Release|Any CPU.Build.0 = Release|Any CPU
		{F0473510-EFAA-4D6C-AC89-5196087C9E51}.Debug|Any CPU.ActiveCfg = Debug|Any CPU
		{F0473510-EFAA-4D6C-AC89-5196087C9E51}.Debug|Any CPU.Build.0 = Debug|Any CPU
		{F0473510-EFAA-4D6C-AC89-5196087C9E51}.Release|Any CPU.ActiveCfg = Release|Any CPU
		{F0473510-EFAA-4D6C-AC89-5196087C9E51}.Release|Any CPU.Build.0 = Release|Any CPU
		{CD2D0E5F-6969-4972-88C6-6E19E92DFB51}.Debug|Any CPU.ActiveCfg = Debug|Any CPU
		{CD2D0E5F-6969-4972-88C6-6E19E92DFB51}.Debug|Any CPU.Build.0 = Debug|Any CPU
		{CD2D0E5F-6969-4972-88C6-6E19E92DFB51}.Release|Any CPU.ActiveCfg = Release|Any CPU
		{CD2D0E5F-6969-4972-88C6-6E19E92DFB51}.Release|Any CPU.Build.0 = Release|Any CPU
		{397CF4DB-BA20-4C69-A8AB-4468D24297B5}.Debug|Any CPU.ActiveCfg = Debug|Any CPU
		{397CF4DB-BA20-4C69-A8AB-4468D24297B5}.Debug|Any CPU.Build.0 = Debug|Any CPU
		{397CF4DB-BA20-4C69-A8AB-4468D24297B5}.Release|Any CPU.ActiveCfg = Release|Any CPU
		{397CF4DB-BA20-4C69-A8AB-4468D24297B5}.Release|Any CPU.Build.0 = Release|Any CPU
		{D5B1430A-DCC9-4CC9-9FC5-0E652195D22B}.Debug|Any CPU.ActiveCfg = Debug|Any CPU
		{D5B1430A-DCC9-4CC9-9FC5-0E652195D22B}.Debug|Any CPU.Build.0 = Debug|Any CPU
		{D5B1430A-DCC9-4CC9-9FC5-0E652195D22B}.Release|Any CPU.ActiveCfg = Release|Any CPU
		{D5B1430A-DCC9-4CC9-9FC5-0E652195D22B}.Release|Any CPU.Build.0 = Release|Any CPU
	EndGlobalSection
	GlobalSection(SolutionProperties) = preSolution
		HideSolutionNode = FALSE
	EndGlobalSection
	GlobalSection(NestedProjects) = preSolution
		{CD2D0E5F-6969-4972-88C6-6E19E92DFB51} = {4BDD1CF1-3C32-426F-B7B9-169EAFC153D8}
		{397CF4DB-BA20-4C69-A8AB-4468D24297B5} = {4BDD1CF1-3C32-426F-B7B9-169EAFC153D8}
		{D5B1430A-DCC9-4CC9-9FC5-0E652195D22B} = {4BDD1CF1-3C32-426F-B7B9-169EAFC153D8}
	EndGlobalSection
	GlobalSection(ExtensibilityGlobals) = postSolution
		SolutionGuid = {26072848-CCC0-4915-A097-D9FC5CE6BE95}
	EndGlobalSection
EndGlobal
